// !$*UTF8*$!
{
	archiveVersion = 1;
	classes = {
	};
	objectVersion = 46;
	objects = {

/* Begin PBXBuildFile section */
		135158711DA2436800C9C717 /* DS4_Controller.cpp in Sources */ = {isa = PBXBuildFile; fileRef = 135158671DA2436800C9C717 /* DS4_Controller.cpp */; };
		135158721DA2436800C9C717 /* DS4_Output_Serial.cpp in Sources */ = {isa = PBXBuildFile; fileRef = 135158681DA2436800C9C717 /* DS4_Output_Serial.cpp */; };
		135158731DA2436800C9C717 /* DS4_Output_STDOUT.cpp in Sources */ = {isa = PBXBuildFile; fileRef = 135158691DA2436800C9C717 /* DS4_Output_STDOUT.cpp */; };
		135158741DA2436800C9C717 /* DSC_OperateEmitter.cpp in Sources */ = {isa = PBXBuildFile; fileRef = 1351586B1DA2436800C9C717 /* DSC_OperateEmitter.cpp */; };
		135158751DA2436800C9C717 /* DSC_Reader.cpp in Sources */ = {isa = PBXBuildFile; fileRef = 1351586C1DA2436800C9C717 /* DSC_Reader.cpp */; };
		135158761DA2436800C9C717 /* GlobalTimer.cpp in Sources */ = {isa = PBXBuildFile; fileRef = 1351586D1DA2436800C9C717 /* GlobalTimer.cpp */; };
		135158771DA2436800C9C717 /* main.cpp in Sources */ = {isa = PBXBuildFile; fileRef = 1351586E1DA2436800C9C717 /* main.cpp */; };
		135158781DA2436800C9C717 /* SerialPort.cpp in Sources */ = {isa = PBXBuildFile; fileRef = 1351586F1DA2436800C9C717 /* SerialPort.cpp */; };
		135158791DA2436800C9C717 /* utils.c in Sources */ = {isa = PBXBuildFile; fileRef = 135158701DA2436800C9C717 /* utils.c */; };
		13AFFD571D9DAC4600CAA14E /* libPVSC_Parser.a in Frameworks */ = {isa = PBXBuildFile; fileRef = 13AFFD561D9DAC2300CAA14E /* libPVSC_Parser.a */; };
		13F7F5A21D9E44E700E69D66 /* libpthread.tbd in Frameworks */ = {isa = PBXBuildFile; fileRef = 13F7F5A11D9E44E700E69D66 /* libpthread.tbd */; };
/* End PBXBuildFile section */

/* Begin PBXContainerItemProxy section */
		13AFFD551D9DAC2300CAA14E /* PBXContainerItemProxy */ = {
			isa = PBXContainerItemProxy;
			containerPortal = 13AFFD501D9DAC2300CAA14E /* PVSC_Parser.xcodeproj */;
			proxyType = 2;
			remoteGlobalIDString = 1361B7A71D9DA44600793DA1;
			remoteInfo = PVSC_Parser;
		};
/* End PBXContainerItemProxy section */

/* Begin PBXCopyFilesBuildPhase section */
		13AFFD431D9DABC700CAA14E /* CopyFiles */ = {
			isa = PBXCopyFilesBuildPhase;
			buildActionMask = 2147483647;
			dstPath = /usr/share/man/man1/;
			dstSubfolderSpec = 0;
			files = (
			);
			runOnlyForDeploymentPostprocessing = 1;
		};
/* End PBXCopyFilesBuildPhase section */

/* Begin PBXFileReference section */
		1351585A1DA2436800C9C717 /* DS4_Controller.h */ = {isa = PBXFileReference; fileEncoding = 4; lastKnownFileType = sourcecode.c.h; path = DS4_Controller.h; sourceTree = "<group>"; };
		1351585B1DA2436800C9C717 /* DS4_Output.h */ = {isa = PBXFileReference; fileEncoding = 4; lastKnownFileType = sourcecode.c.h; path = DS4_Output.h; sourceTree = "<group>"; };
		1351585C1DA2436800C9C717 /* DS4_Output_Serial.h */ = {isa = PBXFileReference; fileEncoding = 4; lastKnownFileType = sourcecode.c.h; path = DS4_Output_Serial.h; sourceTree = "<group>"; };
		1351585D1DA2436800C9C717 /* DS4_Output_STDOUT.h */ = {isa = PBXFileReference; fileEncoding = 4; lastKnownFileType = sourcecode.c.h; path = DS4_Output_STDOUT.h; sourceTree = "<group>"; };
		1351585F1DA2436800C9C717 /* DSC_OperateEmitter.h */ = {isa = PBXFileReference; fileEncoding = 4; lastKnownFileType = sourcecode.c.h; path = DSC_OperateEmitter.h; sourceTree = "<group>"; };
		135158601DA2436800C9C717 /* DSC_Reader.h */ = {isa = PBXFileReference; fileEncoding = 4; lastKnownFileType = sourcecode.c.h; path = DSC_Reader.h; sourceTree = "<group>"; };
		135158611DA2436800C9C717 /* GlobalTimer.h */ = {isa = PBXFileReference; fileEncoding = 4; lastKnownFileType = sourcecode.c.h; path = GlobalTimer.h; sourceTree = "<group>"; };
		135158621DA2436800C9C717 /* list.h */ = {isa = PBXFileReference; fileEncoding = 4; lastKnownFileType = sourcecode.c.h; path = list.h; sourceTree = "<group>"; };
		135158631DA2436800C9C717 /* SerialPort.h */ = {isa = PBXFileReference; fileEncoding = 4; lastKnownFileType = sourcecode.c.h; path = SerialPort.h; sourceTree = "<group>"; };
		135158641DA2436800C9C717 /* utils.h */ = {isa = PBXFileReference; fileEncoding = 4; lastKnownFileType = sourcecode.c.h; path = utils.h; sourceTree = "<group>"; };
		135158671DA2436800C9C717 /* DS4_Controller.cpp */ = {isa = PBXFileReference; fileEncoding = 4; lastKnownFileType = sourcecode.cpp.cpp; path = DS4_Controller.cpp; sourceTree = "<group>"; };
		135158681DA2436800C9C717 /* DS4_Output_Serial.cpp */ = {isa = PBXFileReference; fileEncoding = 4; lastKnownFileType = sourcecode.cpp.cpp; path = DS4_Output_Serial.cpp; sourceTree = "<group>"; };
		135158691DA2436800C9C717 /* DS4_Output_STDOUT.cpp */ = {isa = PBXFileReference; fileEncoding = 4; lastKnownFileType = sourcecode.cpp.cpp; path = DS4_Output_STDOUT.cpp; sourceTree = "<group>"; };
		1351586B1DA2436800C9C717 /* DSC_OperateEmitter.cpp */ = {isa = PBXFileReference; fileEncoding = 4; lastKnownFileType = sourcecode.cpp.cpp; path = DSC_OperateEmitter.cpp; sourceTree = "<group>"; };
		1351586C1DA2436800C9C717 /* DSC_Reader.cpp */ = {isa = PBXFileReference; fileEncoding = 4; lastKnownFileType = sourcecode.cpp.cpp; path = DSC_Reader.cpp; sourceTree = "<group>"; };
		1351586D1DA2436800C9C717 /* GlobalTimer.cpp */ = {isa = PBXFileReference; fileEncoding = 4; lastKnownFileType = sourcecode.cpp.cpp; path = GlobalTimer.cpp; sourceTree = "<group>"; };
		1351586E1DA2436800C9C717 /* main.cpp */ = {isa = PBXFileReference; fileEncoding = 4; lastKnownFileType = sourcecode.cpp.cpp; path = main.cpp; sourceTree = "<group>"; };
		1351586F1DA2436800C9C717 /* SerialPort.cpp */ = {isa = PBXFileReference; fileEncoding = 4; lastKnownFileType = sourcecode.cpp.cpp; path = SerialPort.cpp; sourceTree = "<group>"; };
		135158701DA2436800C9C717 /* utils.c */ = {isa = PBXFileReference; fileEncoding = 4; lastKnownFileType = sourcecode.c.c; path = utils.c; sourceTree = "<group>"; };
		13AFFD451D9DABC700CAA14E /* DivaController-Host */ = {isa = PBXFileReference; explicitFileType = "compiled.mach-o.executable"; includeInIndex = 0; path = "DivaController-Host"; sourceTree = BUILT_PRODUCTS_DIR; };
		13AFFD501D9DAC2300CAA14E /* PVSC_Parser.xcodeproj */ = {isa = PBXFileReference; lastKnownFileType = "wrapper.pb-project"; name = PVSC_Parser.xcodeproj; path = PVSC_Parser/PVSC_Parser.xcodeproj; sourceTree = "<group>"; };
		13F7F5A11D9E44E700E69D66 /* libpthread.tbd */ = {isa = PBXFileReference; lastKnownFileType = "sourcecode.text-based-dylib-definition"; name = libpthread.tbd; path = usr/lib/libpthread.tbd; sourceTree = SDKROOT; };
/* End PBXFileReference section */

/* Begin PBXFrameworksBuildPhase section */
		13AFFD421D9DABC700CAA14E /* Frameworks */ = {
			isa = PBXFrameworksBuildPhase;
			buildActionMask = 2147483647;
			files = (
				13F7F5A21D9E44E700E69D66 /* libpthread.tbd in Frameworks */,
				13AFFD571D9DAC4600CAA14E /* libPVSC_Parser.a in Frameworks */,
			);
			runOnlyForDeploymentPostprocessing = 0;
		};
/* End PBXFrameworksBuildPhase section */

/* Begin PBXGroup section */
		135158571DA2436800C9C717 /* DivaController-Host */ = {
			isa = PBXGroup;
			children = (
				135158581DA2436800C9C717 /* include */,
				135158651DA2436800C9C717 /* src */,
			);
			path = "DivaController-Host";
			sourceTree = "<group>";
		};
		135158581DA2436800C9C717 /* include */ = {
			isa = PBXGroup;
			children = (
				135158591DA2436800C9C717 /* DS4 */,
				1351585E1DA2436800C9C717 /* DSC */,
				135158611DA2436800C9C717 /* GlobalTimer.h */,
				135158621DA2436800C9C717 /* list.h */,
				135158631DA2436800C9C717 /* SerialPort.h */,
				135158641DA2436800C9C717 /* utils.h */,
			);
			path = include;
			sourceTree = "<group>";
		};
		135158591DA2436800C9C717 /* DS4 */ = {
			isa = PBXGroup;
			children = (
				1351585A1DA2436800C9C717 /* DS4_Controller.h */,
				1351585B1DA2436800C9C717 /* DS4_Output.h */,
				1351585C1DA2436800C9C717 /* DS4_Output_Serial.h */,
				1351585D1DA2436800C9C717 /* DS4_Output_STDOUT.h */,
			);
			path = DS4;
			sourceTree = "<group>";
		};
		1351585E1DA2436800C9C717 /* DSC */ = {
			isa = PBXGroup;
			children = (
				1351585F1DA2436800C9C717 /* DSC_OperateEmitter.h */,
				135158601DA2436800C9C717 /* DSC_Reader.h */,
			);
			path = DSC;
			sourceTree = "<group>";
		};
		135158651DA2436800C9C717 /* src */ = {
			isa = PBXGroup;
			children = (
				135158661DA2436800C9C717 /* DS4 */,
				1351586A1DA2436800C9C717 /* DSC */,
				1351586D1DA2436800C9C717 /* GlobalTimer.cpp */,
				1351586E1DA2436800C9C717 /* main.cpp */,
				1351586F1DA2436800C9C717 /* SerialPort.cpp */,
				135158701DA2436800C9C717 /* utils.c */,
			);
			path = src;
			sourceTree = "<group>";
		};
		135158661DA2436800C9C717 /* DS4 */ = {
			isa = PBXGroup;
			children = (
				135158671DA2436800C9C717 /* DS4_Controller.cpp */,
				135158681DA2436800C9C717 /* DS4_Output_Serial.cpp */,
				135158691DA2436800C9C717 /* DS4_Output_STDOUT.cpp */,
			);
			path = DS4;
			sourceTree = "<group>";
		};
		1351586A1DA2436800C9C717 /* DSC */ = {
			isa = PBXGroup;
			children = (
				1351586B1DA2436800C9C717 /* DSC_OperateEmitter.cpp */,
				1351586C1DA2436800C9C717 /* DSC_Reader.cpp */,
			);
			path = DSC;
			sourceTree = "<group>";
		};
		13AFFD3C1D9DABC700CAA14E = {
			isa = PBXGroup;
			children = (
				135158571DA2436800C9C717 /* DivaController-Host */,
				13AFFD461D9DABC700CAA14E /* Products */,
				13AFFD4F1D9DAC2300CAA14E /* Frameworks */,
			);
			sourceTree = "<group>";
		};
		13AFFD461D9DABC700CAA14E /* Products */ = {
			isa = PBXGroup;
			children = (
				13AFFD451D9DABC700CAA14E /* DivaController-Host */,
			);
			name = Products;
			sourceTree = "<group>";
		};
		13AFFD4F1D9DAC2300CAA14E /* Frameworks */ = {
			isa = PBXGroup;
			children = (
				13F7F5A11D9E44E700E69D66 /* libpthread.tbd */,
				13AFFD501D9DAC2300CAA14E /* PVSC_Parser.xcodeproj */,
			);
			name = Frameworks;
			sourceTree = "<group>";
		};
		13AFFD511D9DAC2300CAA14E /* Products */ = {
			isa = PBXGroup;
			children = (
				13AFFD561D9DAC2300CAA14E /* libPVSC_Parser.a */,
			);
			name = Products;
			sourceTree = "<group>";
		};
/* End PBXGroup section */

/* Begin PBXNativeTarget section */
		13AFFD441D9DABC700CAA14E /* DivaController-Host */ = {
			isa = PBXNativeTarget;
			buildConfigurationList = 13AFFD4C1D9DABC700CAA14E /* Build configuration list for PBXNativeTarget "DivaController-Host" */;
			buildPhases = (
				13AFFD411D9DABC700CAA14E /* Sources */,
				13AFFD421D9DABC700CAA14E /* Frameworks */,
				13AFFD431D9DABC700CAA14E /* CopyFiles */,
			);
			buildRules = (
			);
			dependencies = (
			);
			name = "DivaController-Host";
			productName = "DivaController-Host";
			productReference = 13AFFD451D9DABC700CAA14E /* DivaController-Host */;
			productType = "com.apple.product-type.tool";
		};
/* End PBXNativeTarget section */

/* Begin PBXProject section */
		13AFFD3D1D9DABC700CAA14E /* Project object */ = {
			isa = PBXProject;
			attributes = {
				LastUpgradeCheck = 0800;
				ORGANIZATIONNAME = s117;
				TargetAttributes = {
					13AFFD441D9DABC700CAA14E = {
						CreatedOnToolsVersion = 8.0;
						ProvisioningStyle = Automatic;
					};
				};
			};
			buildConfigurationList = 13AFFD401D9DABC700CAA14E /* Build configuration list for PBXProject "DivaController-Host" */;
			compatibilityVersion = "Xcode 3.2";
			developmentRegion = English;
			hasScannedForEncodings = 0;
			knownRegions = (
				en,
			);
			mainGroup = 13AFFD3C1D9DABC700CAA14E;
			productRefGroup = 13AFFD461D9DABC700CAA14E /* Products */;
			projectDirPath = "";
			projectReferences = (
				{
					ProductGroup = 13AFFD511D9DAC2300CAA14E /* Products */;
					ProjectRef = 13AFFD501D9DAC2300CAA14E /* PVSC_Parser.xcodeproj */;
				},
			);
			projectRoot = "";
			targets = (
				13AFFD441D9DABC700CAA14E /* DivaController-Host */,
			);
		};
/* End PBXProject section */

/* Begin PBXReferenceProxy section */
		13AFFD561D9DAC2300CAA14E /* libPVSC_Parser.a */ = {
			isa = PBXReferenceProxy;
			fileType = archive.ar;
			path = libPVSC_Parser.a;
			remoteRef = 13AFFD551D9DAC2300CAA14E /* PBXContainerItemProxy */;
			sourceTree = BUILT_PRODUCTS_DIR;
		};
/* End PBXReferenceProxy section */

/* Begin PBXSourcesBuildPhase section */
		13AFFD411D9DABC700CAA14E /* Sources */ = {
			isa = PBXSourcesBuildPhase;
			buildActionMask = 2147483647;
			files = (
				135158721DA2436800C9C717 /* DS4_Output_Serial.cpp in Sources */,
				135158731DA2436800C9C717 /* DS4_Output_STDOUT.cpp in Sources */,
				135158761DA2436800C9C717 /* GlobalTimer.cpp in Sources */,
				135158791DA2436800C9C717 /* utils.c in Sources */,
				135158751DA2436800C9C717 /* DSC_Reader.cpp in Sources */,
				135158781DA2436800C9C717 /* SerialPort.cpp in Sources */,
				135158771DA2436800C9C717 /* main.cpp in Sources */,
				135158741DA2436800C9C717 /* DSC_OperateEmitter.cpp in Sources */,
				135158711DA2436800C9C717 /* DS4_Controller.cpp in Sources */,
			);
			runOnlyForDeploymentPostprocessing = 0;
		};
/* End PBXSourcesBuildPhase section */

/* Begin XCBuildConfiguration section */
		13AFFD4A1D9DABC700CAA14E /* Debug */ = {
			isa = XCBuildConfiguration;
			buildSettings = {
				ALWAYS_SEARCH_USER_PATHS = NO;
				CLANG_ANALYZER_NONNULL = YES;
				CLANG_CXX_LANGUAGE_STANDARD = "gnu++0x";
				CLANG_CXX_LIBRARY = "libc++";
				CLANG_ENABLE_MODULES = YES;
				CLANG_ENABLE_OBJC_ARC = YES;
				CLANG_WARN_BOOL_CONVERSION = YES;
				CLANG_WARN_CONSTANT_CONVERSION = YES;
				CLANG_WARN_DIRECT_OBJC_ISA_USAGE = YES_ERROR;
				CLANG_WARN_DOCUMENTATION_COMMENTS = YES;
				CLANG_WARN_EMPTY_BODY = YES;
				CLANG_WARN_ENUM_CONVERSION = YES;
				CLANG_WARN_INFINITE_RECURSION = YES;
				CLANG_WARN_INT_CONVERSION = YES;
				CLANG_WARN_OBJC_ROOT_CLASS = YES_ERROR;
				CLANG_WARN_SUSPICIOUS_MOVES = YES;
				CLANG_WARN_UNREACHABLE_CODE = YES;
				CLANG_WARN__DUPLICATE_METHOD_MATCH = YES;
				CODE_SIGN_IDENTITY = "-";
				COPY_PHASE_STRIP = NO;
				DEBUG_INFORMATION_FORMAT = dwarf;
				ENABLE_STRICT_OBJC_MSGSEND = YES;
				ENABLE_TESTABILITY = YES;
				GCC_C_LANGUAGE_STANDARD = gnu99;
				GCC_DYNAMIC_NO_PIC = NO;
				GCC_NO_COMMON_BLOCKS = YES;
				GCC_OPTIMIZATION_LEVEL = 0;
				GCC_PREPROCESSOR_DEFINITIONS = (
					"DEBUG=1",
					"$(inherited)",
				);
				GCC_WARN_64_TO_32_BIT_CONVERSION = YES;
				GCC_WARN_ABOUT_RETURN_TYPE = YES_ERROR;
				GCC_WARN_UNDECLARED_SELECTOR = YES;
				GCC_WARN_UNINITIALIZED_AUTOS = YES_AGGRESSIVE;
				GCC_WARN_UNUSED_FUNCTION = YES;
				GCC_WARN_UNUSED_VARIABLE = YES;
				HEADER_SEARCH_PATHS = (
					"../PVSC_Parser/PVSC_Parser/include/**",
					"include/**",
				);
				MACOSX_DEPLOYMENT_TARGET = 10.11;
				MTL_ENABLE_DEBUG_INFO = YES;
				ONLY_ACTIVE_ARCH = YES;
				SDKROOT = macosx;
			};
			name = Debug;
		};
		13AFFD4B1D9DABC700CAA14E /* Release */ = {
			isa = XCBuildConfiguration;
			buildSettings = {
				ALWAYS_SEARCH_USER_PATHS = NO;
				CLANG_ANALYZER_NONNULL = YES;
				CLANG_CXX_LANGUAGE_STANDARD = "gnu++0x";
				CLANG_CXX_LIBRARY = "libc++";
				CLANG_ENABLE_MODULES = YES;
				CLANG_ENABLE_OBJC_ARC = YES;
				CLANG_WARN_BOOL_CONVERSION = YES;
				CLANG_WARN_CONSTANT_CONVERSION = YES;
				CLANG_WARN_DIRECT_OBJC_ISA_USAGE = YES_ERROR;
				CLANG_WARN_DOCUMENTATION_COMMENTS = YES;
				CLANG_WARN_EMPTY_BODY = YES;
				CLANG_WARN_ENUM_CONVERSION = YES;
				CLANG_WARN_INFINITE_RECURSION = YES;
				CLANG_WARN_INT_CONVERSION = YES;
				CLANG_WARN_OBJC_ROOT_CLASS = YES_ERROR;
				CLANG_WARN_SUSPICIOUS_MOVES = YES;
				CLANG_WARN_UNREACHABLE_CODE = YES;
				CLANG_WARN__DUPLICATE_METHOD_MATCH = YES;
				CODE_SIGN_IDENTITY = "-";
				COPY_PHASE_STRIP = NO;
				DEBUG_INFORMATION_FORMAT = "dwarf-with-dsym";
				ENABLE_NS_ASSERTIONS = NO;
				ENABLE_STRICT_OBJC_MSGSEND = YES;
				GCC_C_LANGUAGE_STANDARD = gnu99;
				GCC_NO_COMMON_BLOCKS = YES;
				GCC_WARN_64_TO_32_BIT_CONVERSION = YES;
				GCC_WARN_ABOUT_RETURN_TYPE = YES_ERROR;
				GCC_WARN_UNDECLARED_SELECTOR = YES;
				GCC_WARN_UNINITIALIZED_AUTOS = YES_AGGRESSIVE;
				GCC_WARN_UNUSED_FUNCTION = YES;
				GCC_WARN_UNUSED_VARIABLE = YES;
				HEADER_SEARCH_PATHS = (
					"../PVSC_Parser/PVSC_Parser/include/**",
					"include/**",
				);
				MACOSX_DEPLOYMENT_TARGET = 10.11;
				MTL_ENABLE_DEBUG_INFO = NO;
				SDKROOT = macosx;
			};
			name = Release;
		};
		13AFFD4D1D9DABC700CAA14E /* Debug */ = {
			isa = XCBuildConfiguration;
			buildSettings = {
				HEADER_SEARCH_PATHS = (
					"../PVSC_Parser/PVSC_Parser/include/**",
					"include/**",
				);
				PRODUCT_NAME = "$(TARGET_NAME)";
			};
			name = Debug;
		};
		13AFFD4E1D9DABC700CAA14E /* Release */ = {
			isa = XCBuildConfiguration;
			buildSettings = {
				HEADER_SEARCH_PATHS = (
					"../PVSC_Parser/PVSC_Parser/include/**",
					"include/**",
				);
				PRODUCT_NAME = "$(TARGET_NAME)";
			};
			name = Release;
		};
/* End XCBuildConfiguration section */

/* Begin XCConfigurationList section */
		13AFFD401D9DABC700CAA14E /* Build configuration list for PBXProject "DivaController-Host" */ = {
			isa = XCConfigurationList;
			buildConfigurations = (
				13AFFD4A1D9DABC700CAA14E /* Debug */,
				13AFFD4B1D9DABC700CAA14E /* Release */,
			);
			defaultConfigurationIsVisible = 0;
			defaultConfigurationName = Release;
		};
		13AFFD4C1D9DABC700CAA14E /* Build configuration list for PBXNativeTarget "DivaController-Host" */ = {
			isa = XCConfigurationList;
			buildConfigurations = (
				13AFFD4D1D9DABC700CAA14E /* Debug */,
				13AFFD4E1D9DABC700CAA14E /* Release */,
			);
			defaultConfigurationIsVisible = 0;
			defaultConfigurationName = Release;
		};
/* End XCConfigurationList section */
	};
	rootObject = 13AFFD3D1D9DABC700CAA14E /* Project object */;
}
